
Microsoft Visual Studio Solution File, Format Version 12.00
# Visual Studio Version 17
VisualStudioVersion = 17.8.34525.116
MinimumVisualStudioVersion = 10.0.40219.1
Project("{FAE04EC0-301F-11D3-BF4B-00C04F79EFBC}") = "AppMetodosFuncoes", "AppMetodosFuncoes.csproj", "{048CF0F4-0A74-4372-A285-44D483F2A7AB}"
EndProject
Global
	GlobalSection(SolutionConfigurationPlatforms) = preSolution
		Debug|Any CPU = Debug|Any CPU
		Release|Any CPU = Release|Any CPU
	EndGlobalSection
	GlobalSection(ProjectConfigurationPlatforms) = postSolution
		{048CF0F4-0A74-4372-A285-44D483F2A7AB}.Debug|Any CPU.ActiveCfg = Debug|Any CPU
		{048CF0F4-0A74-4372-A285-44D483F2A7AB}.Debug|Any CPU.Build.0 = Debug|Any CPU
		{048CF0F4-0A74-4372-A285-44D483F2A7AB}.Release|Any CPU.ActiveCfg = Release|Any CPU
		{048CF0F4-0A74-4372-A285-44D483F2A7AB}.Release|Any CPU.Build.0 = Release|Any CPU
	EndGlobalSection
	GlobalSection(SolutionProperties) = preSolution
		HideSolutionNode = FALSE
	EndGlobalSection
	GlobalSection(ExtensibilityGlobals) = postSolution
		SolutionGuid = {9BF359F6-11A7-4F71-9CE6-8D1F56D260D7}
	EndGlobalSection
EndGlobal
